{
  "version": 4,
  "terraform_version": "1.5.7",
  "serial": 1,
  "lineage": "4073678f-d70b-d874-6555-78f573014252",
  "outputs": {},
  "resources": [
    {
      "mode": "managed",
      "type": "spotify_playlist",
      "name": "Bollywood",
      "provider": "provider[\"registry.terraform.io/conradludgate/spotify\"]",
      "instances": [
        {
          "schema_version": 0,
          "attributes": {
            "description": null,
            "id": "7uRhgaX2BvywJOEg5g4DHB",
            "name": "MyPlaylist",
            "public": true,
            "snapshot_id": "AAAAAp2pjkUq1YjEj4kP0ta3xgaKylZ6",
            "tracks": [
              "37i9dQZEVXbMDoHDwVN2tF"
            ]
          },
          "sensitive_attributes": [],
          "private": "bnVsbA=="
        }
      ]
    }
  ],
  "check_results": null
}
